
Microsoft Visual Studio Solution File, Format Version 12.00
# Visual Studio Version 17
VisualStudioVersion = 17.5.002.0
MinimumVisualStudioVersion = 10.0.40219.1
Project("{9A19103F-16F7-4668-BE54-9A1E7A4F7556}") = "Atividade", "Atividade\Atividade.csproj", "{464A051D-5D92-488C-AC09-CFADE33A2B71}"
EndProject
Global
	GlobalSection(SolutionConfigurationPlatforms) = preSolution
		Debug|Any CPU = Debug|Any CPU
		Release|Any CPU = Release|Any CPU
	EndGlobalSection
	GlobalSection(ProjectConfigurationPlatforms) = postSolution
		{464A051D-5D92-488C-AC09-CFADE33A2B71}.Debug|Any CPU.ActiveCfg = Debug|Any CPU
		{464A051D-5D92-488C-AC09-CFADE33A2B71}.Debug|Any CPU.Build.0 = Debug|Any CPU
		{464A051D-5D92-488C-AC09-CFADE33A2B71}.Release|Any CPU.ActiveCfg = Release|Any CPU
		{464A051D-5D92-488C-AC09-CFADE33A2B71}.Release|Any CPU.Build.0 = Release|Any CPU
	EndGlobalSection
	GlobalSection(SolutionProperties) = preSolution
		HideSolutionNode = FALSE
	EndGlobalSection
	GlobalSection(ExtensibilityGlobals) = postSolution
		SolutionGuid = {011E158A-C32F-42DF-AF81-35C0582BC3D8}
	EndGlobalSection
EndGlobal
